
Microsoft Visual Studio Solution File, Format Version 12.00
# Visual Studio Version 17
VisualStudioVersion = 17.1.32210.238
MinimumVisualStudioVersion = 10.0.40219.1
Project("{9A19103F-16F7-4668-BE54-9A1E7A4F7556}") = "PasswordManager", "PasswordManager\PasswordManager.csproj", "{0A409988-CC32-46A9-88D8-8DB06F0C2C32}"
EndProject
Project("{FAE04EC0-301F-11D3-BF4B-00C04F79EFBC}") = "BusinessLayer", "BusinessLayer\BusinessLayer.csproj", "{2FF0A147-26EB-4DCD-A2B0-A8F112E43CB7}"
EndProject
Project("{FAE04EC0-301F-11D3-BF4B-00C04F79EFBC}") = "BLUnitTest", "BLUnitTest\BLUnitTest.csproj", "{8B177730-EB49-4AC1-8140-E2843C96A0DF}"
EndProject
Global
	GlobalSection(SolutionConfigurationPlatforms) = preSolution
		Debug|Any CPU = Debug|Any CPU
		Release|Any CPU = Release|Any CPU
	EndGlobalSection
	GlobalSection(ProjectConfigurationPlatforms) = postSolution
		{0A409988-CC32-46A9-88D8-8DB06F0C2C32}.Debug|Any CPU.ActiveCfg = Debug|Any CPU
		{0A409988-CC32-46A9-88D8-8DB06F0C2C32}.Debug|Any CPU.Build.0 = Debug|Any CPU
		{0A409988-CC32-46A9-88D8-8DB06F0C2C32}.Release|Any CPU.ActiveCfg = Release|Any CPU
		{0A409988-CC32-46A9-88D8-8DB06F0C2C32}.Release|Any CPU.Build.0 = Release|Any CPU
		{2FF0A147-26EB-4DCD-A2B0-A8F112E43CB7}.Debug|Any CPU.ActiveCfg = Debug|Any CPU
		{2FF0A147-26EB-4DCD-A2B0-A8F112E43CB7}.Debug|Any CPU.Build.0 = Debug|Any CPU
		{2FF0A147-26EB-4DCD-A2B0-A8F112E43CB7}.Release|Any CPU.ActiveCfg = Release|Any CPU
		{2FF0A147-26EB-4DCD-A2B0-A8F112E43CB7}.Release|Any CPU.Build.0 = Release|Any CPU
		{8B177730-EB49-4AC1-8140-E2843C96A0DF}.Debug|Any CPU.ActiveCfg = Debug|Any CPU
		{8B177730-EB49-4AC1-8140-E2843C96A0DF}.Debug|Any CPU.Build.0 = Debug|Any CPU
		{8B177730-EB49-4AC1-8140-E2843C96A0DF}.Release|Any CPU.ActiveCfg = Release|Any CPU
		{8B177730-EB49-4AC1-8140-E2843C96A0DF}.Release|Any CPU.Build.0 = Release|Any CPU
	EndGlobalSection
	GlobalSection(SolutionProperties) = preSolution
		HideSolutionNode = FALSE
	EndGlobalSection
	GlobalSection(ExtensibilityGlobals) = postSolution
		SolutionGuid = {1F0BF907-2285-46F8-9820-345BE8C9F36B}
	EndGlobalSection
EndGlobal
